
Microsoft Visual Studio Solution File, Format Version 12.00
# Visual Studio 15
VisualStudioVersion = 15.0.27703.2035
MinimumVisualStudioVersion = 10.0.40219.1
Project("{FAE04EC0-301F-11D3-BF4B-00C04F79EFBC}") = "TurtleMovement", "TurtleMovement\TurtleMovement.csproj", "{116FC6EB-561B-416A-8B98-4BF4171DB7AB}"
EndProject
Project("{FAE04EC0-301F-11D3-BF4B-00C04F79EFBC}") = "TurtleMovement.Test", "TurtleMovement.Test\TurtleMovement.Test.csproj", "{F2190B00-B74E-4D78-B00E-AFAC155EB3CF}"
EndProject
Global
	GlobalSection(SolutionConfigurationPlatforms) = preSolution
		Debug|Any CPU = Debug|Any CPU
		Release|Any CPU = Release|Any CPU
	EndGlobalSection
	GlobalSection(ProjectConfigurationPlatforms) = postSolution
		{116FC6EB-561B-416A-8B98-4BF4171DB7AB}.Debug|Any CPU.ActiveCfg = Debug|Any CPU
		{116FC6EB-561B-416A-8B98-4BF4171DB7AB}.Debug|Any CPU.Build.0 = Debug|Any CPU
		{116FC6EB-561B-416A-8B98-4BF4171DB7AB}.Release|Any CPU.ActiveCfg = Release|Any CPU
		{116FC6EB-561B-416A-8B98-4BF4171DB7AB}.Release|Any CPU.Build.0 = Release|Any CPU
		{F2190B00-B74E-4D78-B00E-AFAC155EB3CF}.Debug|Any CPU.ActiveCfg = Debug|Any CPU
		{F2190B00-B74E-4D78-B00E-AFAC155EB3CF}.Debug|Any CPU.Build.0 = Debug|Any CPU
		{F2190B00-B74E-4D78-B00E-AFAC155EB3CF}.Release|Any CPU.ActiveCfg = Release|Any CPU
		{F2190B00-B74E-4D78-B00E-AFAC155EB3CF}.Release|Any CPU.Build.0 = Release|Any CPU
	EndGlobalSection
	GlobalSection(SolutionProperties) = preSolution
		HideSolutionNode = FALSE
	EndGlobalSection
	GlobalSection(ExtensibilityGlobals) = postSolution
		SolutionGuid = {94F342DF-1881-4465-9C87-1C992AE0209A}
	EndGlobalSection
EndGlobal
